
Microsoft Visual Studio Solution File, Format Version 11.00
# Visual Studio 2010
Project("{FAE04EC0-301F-11D3-BF4B-00C04F79EFBC}") = "SublimeLogger", "SublimeLogger.csproj", "{286CC341-0BCA-4A7F-AAA2-A6AC6ACFEFBA}"
EndProject
Global
	GlobalSection(SolutionConfigurationPlatforms) = preSolution
		Debug|Any CPU = Debug|Any CPU
		Release|Any CPU = Release|Any CPU
	EndGlobalSection
	GlobalSection(ProjectConfigurationPlatforms) = postSolution
		{286CC341-0BCA-4A7F-AAA2-A6AC6ACFEFBA}.Debug|Any CPU.ActiveCfg = Debug|Any CPU
		{286CC341-0BCA-4A7F-AAA2-A6AC6ACFEFBA}.Debug|Any CPU.Build.0 = Debug|Any CPU
		{286CC341-0BCA-4A7F-AAA2-A6AC6ACFEFBA}.Release|Any CPU.ActiveCfg = Release|Any CPU
		{286CC341-0BCA-4A7F-AAA2-A6AC6ACFEFBA}.Release|Any CPU.Build.0 = Release|Any CPU
	EndGlobalSection
	GlobalSection(SolutionProperties) = preSolution
		HideSolutionNode = FALSE
	EndGlobalSection
EndGlobal
